
Microsoft Visual Studio Solution File, Format Version 12.00
# Visual Studio Version 17
VisualStudioVersion = 17.14.36310.24
MinimumVisualStudioVersion = 10.0.40219.1
Project("{FAE04EC0-301F-11D3-BF4B-00C04F79EFBC}") = "Bookify-Hotel-Reservation-System-DAL", "Bookify-Hotel-Reservation-System- DAL\Bookify-Hotel-Reservation-System-DAL.csproj", "{BE20A0C0-9D9C-4C18-A35D-20AA00747344}"
EndProject
Project("{FAE04EC0-301F-11D3-BF4B-00C04F79EFBC}") = "Bookify-Hotel-Reservation-System-BLL", "Bookify-Hotel-Reservation-System-BLL\Bookify-Hotel-Reservation-System-BLL.csproj", "{E9DAB529-60E2-4DF9-8B14-0B1898D762F9}"
EndProject
Project("{FAE04EC0-301F-11D3-BF4B-00C04F79EFBC}") = "Bookify-Hotel-Reservation-System-PL", "Bookify-Hotel-Reservation-System-PL\Bookify-Hotel-Reservation-System-PL.csproj", "{39EAD747-9C52-40E4-90B1-6A533B4150FC}"
EndProject
Global
	GlobalSection(SolutionConfigurationPlatforms) = preSolution
		Debug|Any CPU = Debug|Any CPU
		Release|Any CPU = Release|Any CPU
	EndGlobalSection
	GlobalSection(ProjectConfigurationPlatforms) = postSolution
		{BE20A0C0-9D9C-4C18-A35D-20AA00747344}.Debug|Any CPU.ActiveCfg = Debug|Any CPU
		{BE20A0C0-9D9C-4C18-A35D-20AA00747344}.Debug|Any CPU.Build.0 = Debug|Any CPU
		{BE20A0C0-9D9C-4C18-A35D-20AA00747344}.Release|Any CPU.ActiveCfg = Release|Any CPU
		{BE20A0C0-9D9C-4C18-A35D-20AA00747344}.Release|Any CPU.Build.0 = Release|Any CPU
		{E9DAB529-60E2-4DF9-8B14-0B1898D762F9}.Debug|Any CPU.ActiveCfg = Debug|Any CPU
		{E9DAB529-60E2-4DF9-8B14-0B1898D762F9}.Debug|Any CPU.Build.0 = Debug|Any CPU
		{E9DAB529-60E2-4DF9-8B14-0B1898D762F9}.Release|Any CPU.ActiveCfg = Release|Any CPU
		{E9DAB529-60E2-4DF9-8B14-0B1898D762F9}.Release|Any CPU.Build.0 = Release|Any CPU
		{39EAD747-9C52-40E4-90B1-6A533B4150FC}.Debug|Any CPU.ActiveCfg = Debug|Any CPU
		{39EAD747-9C52-40E4-90B1-6A533B4150FC}.Debug|Any CPU.Build.0 = Debug|Any CPU
		{39EAD747-9C52-40E4-90B1-6A533B4150FC}.Release|Any CPU.ActiveCfg = Release|Any CPU
		{39EAD747-9C52-40E4-90B1-6A533B4150FC}.Release|Any CPU.Build.0 = Release|Any CPU
	EndGlobalSection
	GlobalSection(SolutionProperties) = preSolution
		HideSolutionNode = FALSE
	EndGlobalSection
	GlobalSection(ExtensibilityGlobals) = postSolution
		SolutionGuid = {1FA72E3E-A85F-479D-8010-2A25995D2937}
	EndGlobalSection
EndGlobal
